# THIS IS AN AUTOGENERATED FILE. DO NOT EDIT THIS FILE DIRECTLY.
# yarn lockfile v1


"husky@^8.0.1":
  "integrity" "sha512-+dQSyqPh4x1hlO1swXBiNb2HzTDN1I2IGLQx1GrBuiqFJfoMrnZWwVmatvSiO+Iz8fBUnf+lekwNo4c2LlXItg=="
  "resolved" "https://registry.npmjs.org/husky/-/husky-8.0.3.tgz"
  "version" "8.0.3"

"pnpm@^7.22.0":
  "integrity" "sha512-dkhne1O1ktNz/Cn/GZU5wnjhP/aNEfmJGW5UdILyDnptgw84jauOf2Mk5jTe3gp4OZWZN1szcBrjyOZ7Uxxilw=="
  "resolved" "https://registry.npmjs.org/pnpm/-/pnpm-7.22.0.tgz"
  "version" "7.22.0"

"prettier@^2.7.1":
  "integrity" "sha512-lqGoSJBQNJidqCHE80vqZJHWHRFoNYsSpP9AjFhlhi9ODCJA541svILes/+/1GM3VaL/abZi7cpFzOpdR9UPKg=="
  "resolved" "https://registry.npmjs.org/prettier/-/prettier-2.8.1.tgz"
  "version" "2.8.1"

"turbo-darwin-arm64@1.6.3":
  "integrity" "sha512-75DXhFpwE7CinBbtxTxH08EcWrxYSPFow3NaeFwsG8aymkWXF+U2aukYHJA6I12n9/dGqf7yRXzkF0S/9UtdyQ=="
  "resolved" "https://registry.npmjs.org/turbo-darwin-arm64/-/turbo-darwin-arm64-1.6.3.tgz"
  "version" "1.6.3"

"turbo@^1.4.6":
  "integrity" "sha512-FtfhJLmEEtHveGxW4Ye/QuY85AnZ2ZNVgkTBswoap7UMHB1+oI4diHPNyqrQLG4K1UFtCkjOlVoLsllUh/9QRw=="
  "resolved" "https://registry.npmjs.org/turbo/-/turbo-1.6.3.tgz"
  "version" "1.6.3"
  optionalDependencies:
    "turbo-darwin-64" "1.6.3"
    "turbo-darwin-arm64" "1.6.3"
    "turbo-linux-64" "1.6.3"
    "turbo-linux-arm64" "1.6.3"
    "turbo-windows-64" "1.6.3"
    "turbo-windows-arm64" "1.6.3"
